
Microsoft Visual Studio Solution File, Format Version 12.00
# Visual Studio Version 16
VisualStudioVersion = 16.0.29503.13
MinimumVisualStudioVersion = 10.0.40219.1
Project("{E6C563F2-BDC2-4A24-ACBF-01715157DCBB}") = "FraudulentStream", "FraudulentStream\FraudulentStream.asaproj", "{D6643458-744D-48C9-8CA7-D302E9BB1DB7}"
EndProject
Project("{FAE04EC0-301F-11D3-BF4B-00C04F79EFBC}") = "FraudPredictor", "FraudPredictor\FraudPredictor.csproj", "{89EF3523-8E7E-4271-B6BF-C7C3737DB326}"
EndProject
Global
	GlobalSection(SolutionConfigurationPlatforms) = preSolution
		Debug|Any CPU = Debug|Any CPU
		Release|Any CPU = Release|Any CPU
	EndGlobalSection
	GlobalSection(ProjectConfigurationPlatforms) = postSolution
		{D6643458-744D-48C9-8CA7-D302E9BB1DB7}.Debug|Any CPU.ActiveCfg = Debug|Any CPU
		{D6643458-744D-48C9-8CA7-D302E9BB1DB7}.Debug|Any CPU.Build.0 = Debug|Any CPU
		{D6643458-744D-48C9-8CA7-D302E9BB1DB7}.Release|Any CPU.ActiveCfg = Release|Any CPU
		{D6643458-744D-48C9-8CA7-D302E9BB1DB7}.Release|Any CPU.Build.0 = Release|Any CPU
		{89EF3523-8E7E-4271-B6BF-C7C3737DB326}.Debug|Any CPU.ActiveCfg = Debug|Any CPU
		{89EF3523-8E7E-4271-B6BF-C7C3737DB326}.Debug|Any CPU.Build.0 = Debug|Any CPU
		{89EF3523-8E7E-4271-B6BF-C7C3737DB326}.Release|Any CPU.ActiveCfg = Release|Any CPU
		{89EF3523-8E7E-4271-B6BF-C7C3737DB326}.Release|Any CPU.Build.0 = Release|Any CPU
	EndGlobalSection
	GlobalSection(SolutionProperties) = preSolution
		HideSolutionNode = FALSE
	EndGlobalSection
	GlobalSection(ExtensibilityGlobals) = postSolution
		SolutionGuid = {BA8650BA-E8A5-426A-8449-A587718C6C22}
	EndGlobalSection
EndGlobal
